
Microsoft Visual Studio Solution File, Format Version 12.00
Project("{2150E333-8FDC-42A3-9474-1A3956D46DE8}") = "src", "src", "{827E0CD3-B72D-47B6-A68D-7590B98EB39B}"
EndProject
Project("{FAE04EC0-301F-11D3-BF4B-00C04F79EFBC}") = "Pw.Hub.Relics.Domain", "src\Pw.Hub.Relics.Domain\Pw.Hub.Relics.Domain.csproj", "{51026E98-3902-4131-931E-C20898429F2E}"
EndProject
Project("{FAE04EC0-301F-11D3-BF4B-00C04F79EFBC}") = "Pw.Hub.Relics.Shared", "src\Pw.Hub.Relics.Shared\Pw.Hub.Relics.Shared.csproj", "{6B66E93E-0816-4A4B-B714-F1A459B378E4}"
EndProject
Project("{FAE04EC0-301F-11D3-BF4B-00C04F79EFBC}") = "Pw.Hub.Relics.Infrastructure", "src\Pw.Hub.Relics.Infrastructure\Pw.Hub.Relics.Infrastructure.csproj", "{EF85E14A-D62D-4357-A506-48F4A1734778}"
EndProject
Project("{FAE04EC0-301F-11D3-BF4B-00C04F79EFBC}") = "Pw.Hub.Relics.Api", "src\Pw.Hub.Relics.Api\Pw.Hub.Relics.Api.csproj", "{A116FADD-7EF9-4C5A-A397-927432691330}"
EndProject
Project("{2150E333-8FDC-42A3-9474-1A3956D46DE8}") = "tests", "tests", "{0AB3BF05-4346-4AA6-1389-037BE0695223}"
EndProject
Project("{FAE04EC0-301F-11D3-BF4B-00C04F79EFBC}") = "Pw.Hub.Relics.Api.Tests", "tests\Pw.Hub.Relics.Api.Tests\Pw.Hub.Relics.Api.Tests.csproj", "{EA8E10D8-E8B8-4C55-A019-46B6D0D8FD78}"
EndProject
Project("{FAE04EC0-301F-11D3-BF4B-00C04F79EFBC}") = "Pw.Hub.Relics.Domain.Tests", "tests\Pw.Hub.Relics.Domain.Tests\Pw.Hub.Relics.Domain.Tests.csproj", "{5F7110B3-CFF3-47BF-AB2A-6598DF60E351}"
EndProject
Project("{FAE04EC0-301F-11D3-BF4B-00C04F79EFBC}") = "Pw.Hub.Relics.Integration.Tests", "tests\Pw.Hub.Relics.Integration.Tests\Pw.Hub.Relics.Integration.Tests.csproj", "{0A293553-246D-4EA9-A982-3505F63FEF0A}"
EndProject
Global
	GlobalSection(SolutionConfigurationPlatforms) = preSolution
		Debug|Any CPU = Debug|Any CPU
		Debug|x64 = Debug|x64
		Debug|x86 = Debug|x86
		Release|Any CPU = Release|Any CPU
		Release|x64 = Release|x64
		Release|x86 = Release|x86
	EndGlobalSection
	GlobalSection(ProjectConfigurationPlatforms) = postSolution
		{51026E98-3902-4131-931E-C20898429F2E}.Debug|Any CPU.ActiveCfg = Debug|Any CPU
		{51026E98-3902-4131-931E-C20898429F2E}.Debug|Any CPU.Build.0 = Debug|Any CPU
		{51026E98-3902-4131-931E-C20898429F2E}.Debug|x64.ActiveCfg = Debug|Any CPU
		{51026E98-3902-4131-931E-C20898429F2E}.Debug|x64.Build.0 = Debug|Any CPU
		{51026E98-3902-4131-931E-C20898429F2E}.Debug|x86.ActiveCfg = Debug|Any CPU
		{51026E98-3902-4131-931E-C20898429F2E}.Debug|x86.Build.0 = Debug|Any CPU
		{51026E98-3902-4131-931E-C20898429F2E}.Release|Any CPU.ActiveCfg = Release|Any CPU
		{51026E98-3902-4131-931E-C20898429F2E}.Release|Any CPU.Build.0 = Release|Any CPU
		{51026E98-3902-4131-931E-C20898429F2E}.Release|x64.ActiveCfg = Release|Any CPU
		{51026E98-3902-4131-931E-C20898429F2E}.Release|x64.Build.0 = Release|Any CPU
		{51026E98-3902-4131-931E-C20898429F2E}.Release|x86.ActiveCfg = Release|Any CPU
		{51026E98-3902-4131-931E-C20898429F2E}.Release|x86.Build.0 = Release|Any CPU
		{6B66E93E-0816-4A4B-B714-F1A459B378E4}.Debug|Any CPU.ActiveCfg = Debug|Any CPU
		{6B66E93E-0816-4A4B-B714-F1A459B378E4}.Debug|Any CPU.Build.0 = Debug|Any CPU
		{6B66E93E-0816-4A4B-B714-F1A459B378E4}.Debug|x64.ActiveCfg = Debug|Any CPU
		{6B66E93E-0816-4A4B-B714-F1A459B378E4}.Debug|x64.Build.0 = Debug|Any CPU
		{6B66E93E-0816-4A4B-B714-F1A459B378E4}.Debug|x86.ActiveCfg = Debug|Any CPU
		{6B66E93E-0816-4A4B-B714-F1A459B378E4}.Debug|x86.Build.0 = Debug|Any CPU
		{6B66E93E-0816-4A4B-B714-F1A459B378E4}.Release|Any CPU.ActiveCfg = Release|Any CPU
		{6B66E93E-0816-4A4B-B714-F1A459B378E4}.Release|Any CPU.Build.0 = Release|Any CPU
		{6B66E93E-0816-4A4B-B714-F1A459B378E4}.Release|x64.ActiveCfg = Release|Any CPU
		{6B66E93E-0816-4A4B-B714-F1A459B378E4}.Release|x64.Build.0 = Release|Any CPU
		{6B66E93E-0816-4A4B-B714-F1A459B378E4}.Release|x86.ActiveCfg = Release|Any CPU
		{6B66E93E-0816-4A4B-B714-F1A459B378E4}.Release|x86.Build.0 = Release|Any CPU
		{EF85E14A-D62D-4357-A506-48F4A1734778}.Debug|Any CPU.ActiveCfg = Debug|Any CPU
		{EF85E14A-D62D-4357-A506-48F4A1734778}.Debug|Any CPU.Build.0 = Debug|Any CPU
		{EF85E14A-D62D-4357-A506-48F4A1734778}.Debug|x64.ActiveCfg = Debug|Any CPU
		{EF85E14A-D62D-4357-A506-48F4A1734778}.Debug|x64.Build.0 = Debug|Any CPU
		{EF85E14A-D62D-4357-A506-48F4A1734778}.Debug|x86.ActiveCfg = Debug|Any CPU
		{EF85E14A-D62D-4357-A506-48F4A1734778}.Debug|x86.Build.0 = Debug|Any CPU
		{EF85E14A-D62D-4357-A506-48F4A1734778}.Release|Any CPU.ActiveCfg = Release|Any CPU
		{EF85E14A-D62D-4357-A506-48F4A1734778}.Release|Any CPU.Build.0 = Release|Any CPU
		{EF85E14A-D62D-4357-A506-48F4A1734778}.Release|x64.ActiveCfg = Release|Any CPU
		{EF85E14A-D62D-4357-A506-48F4A1734778}.Release|x64.Build.0 = Release|Any CPU
		{EF85E14A-D62D-4357-A506-48F4A1734778}.Release|x86.ActiveCfg = Release|Any CPU
		{EF85E14A-D62D-4357-A506-48F4A1734778}.Release|x86.Build.0 = Release|Any CPU
		{A116FADD-7EF9-4C5A-A397-927432691330}.Debug|Any CPU.ActiveCfg = Debug|Any CPU
		{A116FADD-7EF9-4C5A-A397-927432691330}.Debug|Any CPU.Build.0 = Debug|Any CPU
		{A116FADD-7EF9-4C5A-A397-927432691330}.Debug|x64.ActiveCfg = Debug|Any CPU
		{A116FADD-7EF9-4C5A-A397-927432691330}.Debug|x64.Build.0 = Debug|Any CPU
		{A116FADD-7EF9-4C5A-A397-927432691330}.Debug|x86.ActiveCfg = Debug|Any CPU
		{A116FADD-7EF9-4C5A-A397-927432691330}.Debug|x86.Build.0 = Debug|Any CPU
		{A116FADD-7EF9-4C5A-A397-927432691330}.Release|Any CPU.ActiveCfg = Release|Any CPU
		{A116FADD-7EF9-4C5A-A397-927432691330}.Release|Any CPU.Build.0 = Release|Any CPU
		{A116FADD-7EF9-4C5A-A397-927432691330}.Release|x64.ActiveCfg = Release|Any CPU
		{A116FADD-7EF9-4C5A-A397-927432691330}.Release|x64.Build.0 = Release|Any CPU
		{A116FADD-7EF9-4C5A-A397-927432691330}.Release|x86.ActiveCfg = Release|Any CPU
		{A116FADD-7EF9-4C5A-A397-927432691330}.Release|x86.Build.0 = Release|Any CPU
		{EA8E10D8-E8B8-4C55-A019-46B6D0D8FD78}.Debug|Any CPU.ActiveCfg = Debug|Any CPU
		{EA8E10D8-E8B8-4C55-A019-46B6D0D8FD78}.Debug|Any CPU.Build.0 = Debug|Any CPU
		{EA8E10D8-E8B8-4C55-A019-46B6D0D8FD78}.Debug|x64.ActiveCfg = Debug|Any CPU
		{EA8E10D8-E8B8-4C55-A019-46B6D0D8FD78}.Debug|x64.Build.0 = Debug|Any CPU
		{EA8E10D8-E8B8-4C55-A019-46B6D0D8FD78}.Debug|x86.ActiveCfg = Debug|Any CPU
		{EA8E10D8-E8B8-4C55-A019-46B6D0D8FD78}.Debug|x86.Build.0 = Debug|Any CPU
		{EA8E10D8-E8B8-4C55-A019-46B6D0D8FD78}.Release|Any CPU.ActiveCfg = Release|Any CPU
		{EA8E10D8-E8B8-4C55-A019-46B6D0D8FD78}.Release|Any CPU.Build.0 = Release|Any CPU
		{EA8E10D8-E8B8-4C55-A019-46B6D0D8FD78}.Release|x64.ActiveCfg = Release|Any CPU
		{EA8E10D8-E8B8-4C55-A019-46B6D0D8FD78}.Release|x64.Build.0 = Release|Any CPU
		{EA8E10D8-E8B8-4C55-A019-46B6D0D8FD78}.Release|x86.ActiveCfg = Release|Any CPU
		{EA8E10D8-E8B8-4C55-A019-46B6D0D8FD78}.Release|x86.Build.0 = Release|Any CPU
		{5F7110B3-CFF3-47BF-AB2A-6598DF60E351}.Debug|Any CPU.ActiveCfg = Debug|Any CPU
		{5F7110B3-CFF3-47BF-AB2A-6598DF60E351}.Debug|Any CPU.Build.0 = Debug|Any CPU
		{5F7110B3-CFF3-47BF-AB2A-6598DF60E351}.Debug|x64.ActiveCfg = Debug|Any CPU
		{5F7110B3-CFF3-47BF-AB2A-6598DF60E351}.Debug|x64.Build.0 = Debug|Any CPU
		{5F7110B3-CFF3-47BF-AB2A-6598DF60E351}.Debug|x86.ActiveCfg = Debug|Any CPU
		{5F7110B3-CFF3-47BF-AB2A-6598DF60E351}.Debug|x86.Build.0 = Debug|Any CPU
		{5F7110B3-CFF3-47BF-AB2A-6598DF60E351}.Release|Any CPU.ActiveCfg = Release|Any CPU
		{5F7110B3-CFF3-47BF-AB2A-6598DF60E351}.Release|Any CPU.Build.0 = Release|Any CPU
		{5F7110B3-CFF3-47BF-AB2A-6598DF60E351}.Release|x64.ActiveCfg = Release|Any CPU
		{5F7110B3-CFF3-47BF-AB2A-6598DF60E351}.Release|x64.Build.0 = Release|Any CPU
		{5F7110B3-CFF3-47BF-AB2A-6598DF60E351}.Release|x86.ActiveCfg = Release|Any CPU
		{5F7110B3-CFF3-47BF-AB2A-6598DF60E351}.Release|x86.Build.0 = Release|Any CPU
		{0A293553-246D-4EA9-A982-3505F63FEF0A}.Debug|Any CPU.ActiveCfg = Debug|Any CPU
		{0A293553-246D-4EA9-A982-3505F63FEF0A}.Debug|Any CPU.Build.0 = Debug|Any CPU
		{0A293553-246D-4EA9-A982-3505F63FEF0A}.Debug|x64.ActiveCfg = Debug|Any CPU
		{0A293553-246D-4EA9-A982-3505F63FEF0A}.Debug|x64.Build.0 = Debug|Any CPU
		{0A293553-246D-4EA9-A982-3505F63FEF0A}.Debug|x86.ActiveCfg = Debug|Any CPU
		{0A293553-246D-4EA9-A982-3505F63FEF0A}.Debug|x86.Build.0 = Debug|Any CPU
		{0A293553-246D-4EA9-A982-3505F63FEF0A}.Release|Any CPU.ActiveCfg = Release|Any CPU
		{0A293553-246D-4EA9-A982-3505F63FEF0A}.Release|Any CPU.Build.0 = Release|Any CPU
		{0A293553-246D-4EA9-A982-3505F63FEF0A}.Release|x64.ActiveCfg = Release|Any CPU
		{0A293553-246D-4EA9-A982-3505F63FEF0A}.Release|x64.Build.0 = Release|Any CPU
		{0A293553-246D-4EA9-A982-3505F63FEF0A}.Release|x86.ActiveCfg = Release|Any CPU
		{0A293553-246D-4EA9-A982-3505F63FEF0A}.Release|x86.Build.0 = Release|Any CPU
	EndGlobalSection
	GlobalSection(SolutionProperties) = preSolution
		HideSolutionNode = FALSE
	EndGlobalSection
	GlobalSection(NestedProjects) = preSolution
		{51026E98-3902-4131-931E-C20898429F2E} = {827E0CD3-B72D-47B6-A68D-7590B98EB39B}
		{6B66E93E-0816-4A4B-B714-F1A459B378E4} = {827E0CD3-B72D-47B6-A68D-7590B98EB39B}
		{EF85E14A-D62D-4357-A506-48F4A1734778} = {827E0CD3-B72D-47B6-A68D-7590B98EB39B}
		{A116FADD-7EF9-4C5A-A397-927432691330} = {827E0CD3-B72D-47B6-A68D-7590B98EB39B}
		{EA8E10D8-E8B8-4C55-A019-46B6D0D8FD78} = {0AB3BF05-4346-4AA6-1389-037BE0695223}
		{5F7110B3-CFF3-47BF-AB2A-6598DF60E351} = {0AB3BF05-4346-4AA6-1389-037BE0695223}
		{0A293553-246D-4EA9-A982-3505F63FEF0A} = {0AB3BF05-4346-4AA6-1389-037BE0695223}
	EndGlobalSection
EndGlobal
